
Microsoft Visual Studio Solution File, Format Version 12.00
# Visual Studio Version 17
VisualStudioVersion = 17.0.31903.59
MinimumVisualStudioVersion = 10.0.40219.1
Project("{FAE04EC0-301F-11D3-BF4B-00C04F79EFBC}") = "API", "API\API.csproj", "{2B4594AE-4DAE-4EC0-B507-255D8B4CD654}"
EndProject
Project("{FAE04EC0-301F-11D3-BF4B-00C04F79EFBC}") = "Core", "Core\Core.csproj", "{BEBFAD50-8BB7-498A-B79F-0F116CE1B40A}"
EndProject
Project("{FAE04EC0-301F-11D3-BF4B-00C04F79EFBC}") = "Infrastructure", "Infrastructure\Infrastructure.csproj", "{9396867B-998B-40DC-8F8A-585ED289E915}"
EndProject
Global
	GlobalSection(SolutionConfigurationPlatforms) = preSolution
		Debug|Any CPU = Debug|Any CPU
		Release|Any CPU = Release|Any CPU
	EndGlobalSection
	GlobalSection(SolutionProperties) = preSolution
		HideSolutionNode = FALSE
	EndGlobalSection
	GlobalSection(ProjectConfigurationPlatforms) = postSolution
		{2B4594AE-4DAE-4EC0-B507-255D8B4CD654}.Debug|Any CPU.ActiveCfg = Debug|Any CPU
		{2B4594AE-4DAE-4EC0-B507-255D8B4CD654}.Debug|Any CPU.Build.0 = Debug|Any CPU
		{2B4594AE-4DAE-4EC0-B507-255D8B4CD654}.Release|Any CPU.ActiveCfg = Release|Any CPU
		{2B4594AE-4DAE-4EC0-B507-255D8B4CD654}.Release|Any CPU.Build.0 = Release|Any CPU
		{BEBFAD50-8BB7-498A-B79F-0F116CE1B40A}.Debug|Any CPU.ActiveCfg = Debug|Any CPU
		{BEBFAD50-8BB7-498A-B79F-0F116CE1B40A}.Debug|Any CPU.Build.0 = Debug|Any CPU
		{BEBFAD50-8BB7-498A-B79F-0F116CE1B40A}.Release|Any CPU.ActiveCfg = Release|Any CPU
		{BEBFAD50-8BB7-498A-B79F-0F116CE1B40A}.Release|Any CPU.Build.0 = Release|Any CPU
		{9396867B-998B-40DC-8F8A-585ED289E915}.Debug|Any CPU.ActiveCfg = Debug|Any CPU
		{9396867B-998B-40DC-8F8A-585ED289E915}.Debug|Any CPU.Build.0 = Debug|Any CPU
		{9396867B-998B-40DC-8F8A-585ED289E915}.Release|Any CPU.ActiveCfg = Release|Any CPU
		{9396867B-998B-40DC-8F8A-585ED289E915}.Release|Any CPU.Build.0 = Release|Any CPU
	EndGlobalSection
EndGlobal
